
Microsoft Visual Studio Solution File, Format Version 12.00
# Visual Studio 15
VisualStudioVersion = 15.0.28010.2036
MinimumVisualStudioVersion = 10.0.40219.1
Project("{8BC9CEB8-8B4A-11D0-8D11-00A0C91BC942}") = "1-linear-program", "1-linear-program\1-linear-program.vcxproj", "{ADB31947-1EFD-4F1F-B677-1CFACC1A9D8A}"
EndProject
Project("{8BC9CEB8-8B4A-11D0-8D11-00A0C91BC942}") = "2-conditionals-loops-1", "2-conditionals-loops-1\2-conditionals-loops-1.vcxproj", "{02B4620F-2B92-4CF9-9133-1B2F6824E021}"
EndProject
Project("{8BC9CEB8-8B4A-11D0-8D11-00A0C91BC942}") = "3-conditionals-loops-2", "3-conditionals-loops-2\3-conditionals-loops-2.vcxproj", "{F2758C8F-EFD5-4F14-B668-76FFAC7B4DF6}"
EndProject
Project("{8BC9CEB8-8B4A-11D0-8D11-00A0C91BC942}") = "4-functions", "4-functions\4-functions.vcxproj", "{7FD170C9-6DDB-4C04-82F8-CC69280E4096}"
EndProject
Project("{8BC9CEB8-8B4A-11D0-8D11-00A0C91BC942}") = "5-arrays-1d", "5-arrays-1d\5-arrays-1d.vcxproj", "{00E09822-D891-48F4-8697-E47F3BA74468}"
EndProject
Project("{8BC9CEB8-8B4A-11D0-8D11-00A0C91BC942}") = "6-arrays-2d", "6-arrays-2d\6-arrays-2d.vcxproj", "{1715DD03-9F77-4E08-97E1-820E8C7EFEB2}"
EndProject
Global
	GlobalSection(SolutionConfigurationPlatforms) = preSolution
		Debug|x64 = Debug|x64
		Debug|x86 = Debug|x86
		Release|x64 = Release|x64
		Release|x86 = Release|x86
	EndGlobalSection
	GlobalSection(ProjectConfigurationPlatforms) = postSolution
		{ADB31947-1EFD-4F1F-B677-1CFACC1A9D8A}.Debug|x64.ActiveCfg = Debug|x64
		{ADB31947-1EFD-4F1F-B677-1CFACC1A9D8A}.Debug|x64.Build.0 = Debug|x64
		{ADB31947-1EFD-4F1F-B677-1CFACC1A9D8A}.Debug|x86.ActiveCfg = Debug|Win32
		{ADB31947-1EFD-4F1F-B677-1CFACC1A9D8A}.Debug|x86.Build.0 = Debug|Win32
		{ADB31947-1EFD-4F1F-B677-1CFACC1A9D8A}.Release|x64.ActiveCfg = Release|x64
		{ADB31947-1EFD-4F1F-B677-1CFACC1A9D8A}.Release|x64.Build.0 = Release|x64
		{ADB31947-1EFD-4F1F-B677-1CFACC1A9D8A}.Release|x86.ActiveCfg = Release|Win32
		{ADB31947-1EFD-4F1F-B677-1CFACC1A9D8A}.Release|x86.Build.0 = Release|Win32
		{02B4620F-2B92-4CF9-9133-1B2F6824E021}.Debug|x64.ActiveCfg = Debug|x64
		{02B4620F-2B92-4CF9-9133-1B2F6824E021}.Debug|x64.Build.0 = Debug|x64
		{02B4620F-2B92-4CF9-9133-1B2F6824E021}.Debug|x86.ActiveCfg = Debug|Win32
		{02B4620F-2B92-4CF9-9133-1B2F6824E021}.Debug|x86.Build.0 = Debug|Win32
		{02B4620F-2B92-4CF9-9133-1B2F6824E021}.Release|x64.ActiveCfg = Release|x64
		{02B4620F-2B92-4CF9-9133-1B2F6824E021}.Release|x64.Build.0 = Release|x64
		{02B4620F-2B92-4CF9-9133-1B2F6824E021}.Release|x86.ActiveCfg = Release|Win32
		{02B4620F-2B92-4CF9-9133-1B2F6824E021}.Release|x86.Build.0 = Release|Win32
		{F2758C8F-EFD5-4F14-B668-76FFAC7B4DF6}.Debug|x64.ActiveCfg = Debug|x64
		{F2758C8F-EFD5-4F14-B668-76FFAC7B4DF6}.Debug|x64.Build.0 = Debug|x64
		{F2758C8F-EFD5-4F14-B668-76FFAC7B4DF6}.Debug|x86.ActiveCfg = Debug|Win32
		{F2758C8F-EFD5-4F14-B668-76FFAC7B4DF6}.Debug|x86.Build.0 = Debug|Win32
		{F2758C8F-EFD5-4F14-B668-76FFAC7B4DF6}.Release|x64.ActiveCfg = Release|x64
		{F2758C8F-EFD5-4F14-B668-76FFAC7B4DF6}.Release|x64.Build.0 = Release|x64
		{F2758C8F-EFD5-4F14-B668-76FFAC7B4DF6}.Release|x86.ActiveCfg = Release|Win32
		{F2758C8F-EFD5-4F14-B668-76FFAC7B4DF6}.Release|x86.Build.0 = Release|Win32
		{7FD170C9-6DDB-4C04-82F8-CC69280E4096}.Debug|x64.ActiveCfg = Debug|x64
		{7FD170C9-6DDB-4C04-82F8-CC69280E4096}.Debug|x64.Build.0 = Debug|x64
		{7FD170C9-6DDB-4C04-82F8-CC69280E4096}.Debug|x86.ActiveCfg = Debug|Win32
		{7FD170C9-6DDB-4C04-82F8-CC69280E4096}.Debug|x86.Build.0 = Debug|Win32
		{7FD170C9-6DDB-4C04-82F8-CC69280E4096}.Release|x64.ActiveCfg = Release|x64
		{7FD170C9-6DDB-4C04-82F8-CC69280E4096}.Release|x64.Build.0 = Release|x64
		{7FD170C9-6DDB-4C04-82F8-CC69280E4096}.Release|x86.ActiveCfg = Release|Win32
		{7FD170C9-6DDB-4C04-82F8-CC69280E4096}.Release|x86.Build.0 = Release|Win32
		{00E09822-D891-48F4-8697-E47F3BA74468}.Debug|x64.ActiveCfg = Debug|x64
		{00E09822-D891-48F4-8697-E47F3BA74468}.Debug|x64.Build.0 = Debug|x64
		{00E09822-D891-48F4-8697-E47F3BA74468}.Debug|x86.ActiveCfg = Debug|Win32
		{00E09822-D891-48F4-8697-E47F3BA74468}.Debug|x86.Build.0 = Debug|Win32
		{00E09822-D891-48F4-8697-E47F3BA74468}.Release|x64.ActiveCfg = Release|x64
		{00E09822-D891-48F4-8697-E47F3BA74468}.Release|x64.Build.0 = Release|x64
		{00E09822-D891-48F4-8697-E47F3BA74468}.Release|x86.ActiveCfg = Release|Win32
		{00E09822-D891-48F4-8697-E47F3BA74468}.Release|x86.Build.0 = Release|Win32
		{1715DD03-9F77-4E08-97E1-820E8C7EFEB2}.Debug|x64.ActiveCfg = Debug|x64
		{1715DD03-9F77-4E08-97E1-820E8C7EFEB2}.Debug|x64.Build.0 = Debug|x64
		{1715DD03-9F77-4E08-97E1-820E8C7EFEB2}.Debug|x86.ActiveCfg = Debug|Win32
		{1715DD03-9F77-4E08-97E1-820E8C7EFEB2}.Debug|x86.Build.0 = Debug|Win32
		{1715DD03-9F77-4E08-97E1-820E8C7EFEB2}.Release|x64.ActiveCfg = Release|x64
		{1715DD03-9F77-4E08-97E1-820E8C7EFEB2}.Release|x64.Build.0 = Release|x64
		{1715DD03-9F77-4E08-97E1-820E8C7EFEB2}.Release|x86.ActiveCfg = Release|Win32
		{1715DD03-9F77-4E08-97E1-820E8C7EFEB2}.Release|x86.Build.0 = Release|Win32
	EndGlobalSection
	GlobalSection(SolutionProperties) = preSolution
		HideSolutionNode = FALSE
	EndGlobalSection
	GlobalSection(ExtensibilityGlobals) = postSolution
		SolutionGuid = {C70E19C8-20A3-4EFC-BD93-58977C5F35B9}
	EndGlobalSection
EndGlobal
